
Microsoft Visual Studio Solution File, Format Version 12.00
# Visual Studio Version 16
VisualStudioVersion = 16.0.30204.135
MinimumVisualStudioVersion = 10.0.40219.1
Project("{2150E333-8FDC-42A3-9474-1A3956D46DE8}") = "Microservices", "Microservices", "{2FAB88F9-086D-4F49-82B3-A3BABD795BAA}"
EndProject
Project("{2150E333-8FDC-42A3-9474-1A3956D46DE8}") = "Domain", "Domain", "{746D0771-0627-4BC6-A35A-F4D6CFE55022}"
EndProject
Project("{2150E333-8FDC-42A3-9474-1A3956D46DE8}") = "Infra.Bus", "Infra.Bus", "{E00D2A45-3D71-4C88-ABC6-25E5F7A22EB7}"
EndProject
Project("{2150E333-8FDC-42A3-9474-1A3956D46DE8}") = "Infra.IoC", "Infra.IoC", "{141DB083-EF94-4258-B7AF-15A3E266C0AD}"
EndProject
Project("{2150E333-8FDC-42A3-9474-1A3956D46DE8}") = "Presentation", "Presentation", "{69031497-D75D-4646-9A52-03BF902C15B0}"
EndProject
Project("{FAE04EC0-301F-11D3-BF4B-00C04F79EFBC}") = "MicroRabbit.Domain.Core", "MicroRabbit.Domain.Core\MicroRabbit.Domain.Core.csproj", "{7AAD69C4-AB51-4589-9E5A-12D0CC2ACE7D}"
EndProject
Project("{FAE04EC0-301F-11D3-BF4B-00C04F79EFBC}") = "MicroRabbit.Infra.Bus", "MicroRabbit.Infra.Bus\MicroRabbit.Infra.Bus.csproj", "{AC84A161-5B7F-4295-A145-2E331DCFCA78}"
EndProject
Project("{FAE04EC0-301F-11D3-BF4B-00C04F79EFBC}") = "MicroRabbit.Infra.IoC", "MicroRabbit.Infra.IoC\MicroRabbit.Infra.IoC.csproj", "{A80B4DA3-E9E2-4CA0-BD86-C03E8A6AC722}"
EndProject
Project("{2150E333-8FDC-42A3-9474-1A3956D46DE8}") = "Banking", "Banking", "{420387BF-B7F6-4C9E-AD82-4433AB172074}"
EndProject
Project("{2150E333-8FDC-42A3-9474-1A3956D46DE8}") = "Api", "Api", "{AAF8BF0B-8574-4DF4-B643-6F65EF9A2F2B}"
EndProject
Project("{2150E333-8FDC-42A3-9474-1A3956D46DE8}") = "Domain", "Domain", "{F16D6D4E-0F36-487E-A0C2-C4943CCC16F2}"
EndProject
Project("{2150E333-8FDC-42A3-9474-1A3956D46DE8}") = "Application", "Application", "{47E4AA74-E83A-4871-BE5D-7403A1BAD2F8}"
EndProject
Project("{2150E333-8FDC-42A3-9474-1A3956D46DE8}") = "Data", "Data", "{308FE17C-D166-4391-ADE5-A8017AFA7E29}"
EndProject
Project("{FAE04EC0-301F-11D3-BF4B-00C04F79EFBC}") = "MicroRabbit.Banking.Api", "MicroRabbit.Banking.Api\MicroRabbit.Banking.Api.csproj", "{1F30B3E7-7249-4845-AE73-83731DEFC3D1}"
EndProject
Project("{FAE04EC0-301F-11D3-BF4B-00C04F79EFBC}") = "MicroRabbit.Banking.Application", "MicroRabbit.Banking.Application\MicroRabbit.Banking.Application.csproj", "{7C5A1BC9-62CE-46E6-BB9C-E95AA8026273}"
EndProject
Project("{FAE04EC0-301F-11D3-BF4B-00C04F79EFBC}") = "MicroRabbit.Banking.Data", "MicroRabbit.Banking.Data\MicroRabbit.Banking.Data.csproj", "{BFD5444D-4252-4A2E-9DD0-731E58CEB33E}"
EndProject
Project("{FAE04EC0-301F-11D3-BF4B-00C04F79EFBC}") = "MicroRabbit.Banking.Domain", "MicroRabbit.Banking.Domain\MicroRabbit.Banking.Domain.csproj", "{FDF34AEE-EA96-4446-BC67-793D708D7511}"
EndProject
Global
	GlobalSection(SolutionConfigurationPlatforms) = preSolution
		Debug|Any CPU = Debug|Any CPU
		Release|Any CPU = Release|Any CPU
	EndGlobalSection
	GlobalSection(ProjectConfigurationPlatforms) = postSolution
		{7AAD69C4-AB51-4589-9E5A-12D0CC2ACE7D}.Debug|Any CPU.ActiveCfg = Debug|Any CPU
		{7AAD69C4-AB51-4589-9E5A-12D0CC2ACE7D}.Debug|Any CPU.Build.0 = Debug|Any CPU
		{7AAD69C4-AB51-4589-9E5A-12D0CC2ACE7D}.Release|Any CPU.ActiveCfg = Release|Any CPU
		{7AAD69C4-AB51-4589-9E5A-12D0CC2ACE7D}.Release|Any CPU.Build.0 = Release|Any CPU
		{AC84A161-5B7F-4295-A145-2E331DCFCA78}.Debug|Any CPU.ActiveCfg = Debug|Any CPU
		{AC84A161-5B7F-4295-A145-2E331DCFCA78}.Debug|Any CPU.Build.0 = Debug|Any CPU
		{AC84A161-5B7F-4295-A145-2E331DCFCA78}.Release|Any CPU.ActiveCfg = Release|Any CPU
		{AC84A161-5B7F-4295-A145-2E331DCFCA78}.Release|Any CPU.Build.0 = Release|Any CPU
		{A80B4DA3-E9E2-4CA0-BD86-C03E8A6AC722}.Debug|Any CPU.ActiveCfg = Debug|Any CPU
		{A80B4DA3-E9E2-4CA0-BD86-C03E8A6AC722}.Debug|Any CPU.Build.0 = Debug|Any CPU
		{A80B4DA3-E9E2-4CA0-BD86-C03E8A6AC722}.Release|Any CPU.ActiveCfg = Release|Any CPU
		{A80B4DA3-E9E2-4CA0-BD86-C03E8A6AC722}.Release|Any CPU.Build.0 = Release|Any CPU
		{1F30B3E7-7249-4845-AE73-83731DEFC3D1}.Debug|Any CPU.ActiveCfg = Debug|Any CPU
		{1F30B3E7-7249-4845-AE73-83731DEFC3D1}.Debug|Any CPU.Build.0 = Debug|Any CPU
		{1F30B3E7-7249-4845-AE73-83731DEFC3D1}.Release|Any CPU.ActiveCfg = Release|Any CPU
		{1F30B3E7-7249-4845-AE73-83731DEFC3D1}.Release|Any CPU.Build.0 = Release|Any CPU
		{7C5A1BC9-62CE-46E6-BB9C-E95AA8026273}.Debug|Any CPU.ActiveCfg = Debug|Any CPU
		{7C5A1BC9-62CE-46E6-BB9C-E95AA8026273}.Debug|Any CPU.Build.0 = Debug|Any CPU
		{7C5A1BC9-62CE-46E6-BB9C-E95AA8026273}.Release|Any CPU.ActiveCfg = Release|Any CPU
		{7C5A1BC9-62CE-46E6-BB9C-E95AA8026273}.Release|Any CPU.Build.0 = Release|Any CPU
		{BFD5444D-4252-4A2E-9DD0-731E58CEB33E}.Debug|Any CPU.ActiveCfg = Debug|Any CPU
		{BFD5444D-4252-4A2E-9DD0-731E58CEB33E}.Debug|Any CPU.Build.0 = Debug|Any CPU
		{BFD5444D-4252-4A2E-9DD0-731E58CEB33E}.Release|Any CPU.ActiveCfg = Release|Any CPU
		{BFD5444D-4252-4A2E-9DD0-731E58CEB33E}.Release|Any CPU.Build.0 = Release|Any CPU
		{FDF34AEE-EA96-4446-BC67-793D708D7511}.Debug|Any CPU.ActiveCfg = Debug|Any CPU
		{FDF34AEE-EA96-4446-BC67-793D708D7511}.Debug|Any CPU.Build.0 = Debug|Any CPU
		{FDF34AEE-EA96-4446-BC67-793D708D7511}.Release|Any CPU.ActiveCfg = Release|Any CPU
		{FDF34AEE-EA96-4446-BC67-793D708D7511}.Release|Any CPU.Build.0 = Release|Any CPU
	EndGlobalSection
	GlobalSection(SolutionProperties) = preSolution
		HideSolutionNode = FALSE
	EndGlobalSection
	GlobalSection(NestedProjects) = preSolution
		{7AAD69C4-AB51-4589-9E5A-12D0CC2ACE7D} = {746D0771-0627-4BC6-A35A-F4D6CFE55022}
		{AC84A161-5B7F-4295-A145-2E331DCFCA78} = {E00D2A45-3D71-4C88-ABC6-25E5F7A22EB7}
		{A80B4DA3-E9E2-4CA0-BD86-C03E8A6AC722} = {141DB083-EF94-4258-B7AF-15A3E266C0AD}
		{420387BF-B7F6-4C9E-AD82-4433AB172074} = {2FAB88F9-086D-4F49-82B3-A3BABD795BAA}
		{AAF8BF0B-8574-4DF4-B643-6F65EF9A2F2B} = {420387BF-B7F6-4C9E-AD82-4433AB172074}
		{F16D6D4E-0F36-487E-A0C2-C4943CCC16F2} = {420387BF-B7F6-4C9E-AD82-4433AB172074}
		{47E4AA74-E83A-4871-BE5D-7403A1BAD2F8} = {420387BF-B7F6-4C9E-AD82-4433AB172074}
		{308FE17C-D166-4391-ADE5-A8017AFA7E29} = {420387BF-B7F6-4C9E-AD82-4433AB172074}
		{1F30B3E7-7249-4845-AE73-83731DEFC3D1} = {AAF8BF0B-8574-4DF4-B643-6F65EF9A2F2B}
		{7C5A1BC9-62CE-46E6-BB9C-E95AA8026273} = {47E4AA74-E83A-4871-BE5D-7403A1BAD2F8}
		{BFD5444D-4252-4A2E-9DD0-731E58CEB33E} = {308FE17C-D166-4391-ADE5-A8017AFA7E29}
		{FDF34AEE-EA96-4446-BC67-793D708D7511} = {F16D6D4E-0F36-487E-A0C2-C4943CCC16F2}
	EndGlobalSection
	GlobalSection(ExtensibilityGlobals) = postSolution
		SolutionGuid = {27426772-C9A5-4D9D-AACD-BD45915DAF93}
	EndGlobalSection
EndGlobal
